Microsoft Visual Studio Solution File, Format Version 12.00
# Visual Studio Version 17
VisualStudioVersion = 17.5.2.0
MinimumVisualStudioVersion = 10.0.40219.1
Project("{FAE04EC0-301F-11D3-BF4B-00C04F79EFBC}") = "LeetcodeStudyPlanner", "LeetcodeStudyPlanner\LeetcodeStudyPlanner.csproj", "{162E6CC9-C7E2-2FC9-8F82-B782F39A3E41}"
EndProject
Project("{FAE04EC0-301F-11D3-BF4B-00C04F79EFBC}") = "LeetcodeStudyPlanner.Tests", "LeetcodeStudyPlanner.Tests\LeetcodeStudyPlanner.Tests.csproj", "{0CEC16A9-E235-D606-8872-D271A604AEF5}"
EndProject
Global
	GlobalSection(SolutionConfigurationPlatforms) = preSolution
		Debug|Any CPU = Debug|Any CPU
		Release|Any CPU = Release|Any CPU
	EndGlobalSection
	GlobalSection(ProjectConfigurationPlatforms) = postSolution
		{162E6CC9-C7E2-2FC9-8F82-B782F39A3E41}.Debug|Any CPU.ActiveCfg = Debug|Any CPU
		{162E6CC9-C7E2-2FC9-8F82-B782F39A3E41}.Debug|Any CPU.Build.0 = Debug|Any CPU
		{162E6CC9-C7E2-2FC9-8F82-B782F39A3E41}.Release|Any CPU.ActiveCfg = Release|Any CPU
		{162E6CC9-C7E2-2FC9-8F82-B782F39A3E41}.Release|Any CPU.Build.0 = Release|Any CPU
		{0CEC16A9-E235-D606-8872-D271A604AEF5}.Debug|Any CPU.ActiveCfg = Debug|Any CPU
		{0CEC16A9-E235-D606-8872-D271A604AEF5}.Debug|Any CPU.Build.0 = Debug|Any CPU
		{0CEC16A9-E235-D606-8872-D271A604AEF5}.Release|Any CPU.ActiveCfg = Release|Any CPU
		{0CEC16A9-E235-D606-8872-D271A604AEF5}.Release|Any CPU.Build.0 = Release|Any CPU
	EndGlobalSection
	GlobalSection(SolutionProperties) = preSolution
		HideSolutionNode = FALSE
	EndGlobalSection
	GlobalSection(ExtensibilityGlobals) = postSolution
		SolutionGuid = {DE63D755-0901-401D-9419-C218A91E2574}
	EndGlobalSection
EndGlobal
